
Microsoft Visual Studio Solution File, Format Version 12.00
# Visual Studio Version 17
VisualStudioVersion = 17.4.33213.308
MinimumVisualStudioVersion = 10.0.40219.1
Project("{FAE04EC0-301F-11D3-BF4B-00C04F79EFBC}") = "Tank Game", "Tank Game.csproj", "{14EAD33A-4011-4DA6-A5BE-370023B7F6EE}"
EndProject
Global
	GlobalSection(SolutionConfigurationPlatforms) = preSolution
		Debug|Any CPU = Debug|Any CPU
		Release|Any CPU = Release|Any CPU
	EndGlobalSection
	GlobalSection(ProjectConfigurationPlatforms) = postSolution
		{14EAD33A-4011-4DA6-A5BE-370023B7F6EE}.Debug|Any CPU.ActiveCfg = Debug|Any CPU
		{14EAD33A-4011-4DA6-A5BE-370023B7F6EE}.Debug|Any CPU.Build.0 = Debug|Any CPU
		{14EAD33A-4011-4DA6-A5BE-370023B7F6EE}.Release|Any CPU.ActiveCfg = Release|Any CPU
		{14EAD33A-4011-4DA6-A5BE-370023B7F6EE}.Release|Any CPU.Build.0 = Release|Any CPU
	EndGlobalSection
	GlobalSection(SolutionProperties) = preSolution
		HideSolutionNode = FALSE
	EndGlobalSection
	GlobalSection(ExtensibilityGlobals) = postSolution
		SolutionGuid = {F425651D-7138-4D87-BCA3-005E9B168C6C}
	EndGlobalSection
EndGlobal
